
Microsoft Visual Studio Solution File, Format Version 12.00
# Visual Studio Version 17
VisualStudioVersion = 17.5.33424.131
MinimumVisualStudioVersion = 10.0.40219.1
Project("{9A19103F-16F7-4668-BE54-9A1E7A4F7556}") = "Questao1.ConsoleApp", "Questao1.ConsoleApp\Questao1.ConsoleApp.csproj", "{19A645B3-8973-42AE-84BD-947757ABB6FF}"
EndProject
Project("{9A19103F-16F7-4668-BE54-9A1E7A4F7556}") = "Questao2.ConsoleApp", "Questao2.ConsoleApp1\Questao2.ConsoleApp.csproj", "{E08A6774-8846-4CCD-B0B3-E2D8114E02E2}"
EndProject
Project("{9A19103F-16F7-4668-BE54-9A1E7A4F7556}") = "Questao3.ConsoleApp", "Questao3.ConsoleApp\Questao3.ConsoleApp.csproj", "{94D2D49D-1AE4-481A-883A-62F72BE1F30A}"
EndProject
Project("{9A19103F-16F7-4668-BE54-9A1E7A4F7556}") = "Questao5.ConsoleApp", "Questao5.ConsoleApp\Questao5.ConsoleApp.csproj", "{A5F563CA-92F8-4118-98C3-937FCBF6142A}"
EndProject
Project("{9A19103F-16F7-4668-BE54-9A1E7A4F7556}") = "Questao6.ConsoleApp", "Questao6.ConsoleApp\Questao6.ConsoleApp.csproj", "{F3FD5C37-DBAB-4B32-AAC3-FF4BE17F04BF}"
EndProject
Project("{9A19103F-16F7-4668-BE54-9A1E7A4F7556}") = "Questao9.ConsoleApp", "Questao9.ConsoleApp\Questao9.ConsoleApp.csproj", "{E9F36895-38A1-4274-99D9-FC2692B9D58D}"
EndProject
Project("{9A19103F-16F7-4668-BE54-9A1E7A4F7556}") = "Questao7.ConsoleApp", "Questao7.ConsoleApp\Questao7.ConsoleApp.csproj", "{EEA23561-7D50-4049-A1C4-2727FF1BF6E5}"
EndProject
Project("{9A19103F-16F7-4668-BE54-9A1E7A4F7556}") = "Questao10.ConsoleApp", "Questao10.ConsoleApp\Questao10.ConsoleApp.csproj", "{CBCD2148-26E6-4129-A280-7C59DA2A644A}"
EndProject
Project("{2150E333-8FDC-42A3-9474-1A3956D46DE8}") = "Questoes 01-09", "Questoes 01-09", "{F2B600AA-C499-43A3-A9EB-DDC63E928A86}"
EndProject
Project("{9A19103F-16F7-4668-BE54-9A1E7A4F7556}") = "Questao12.ConsoleApp", "Questao12.ConsoleApp\Questao12.ConsoleApp.csproj", "{6BCFF9B8-7937-4C4A-8143-3CDA583176ED}"
EndProject
Project("{9A19103F-16F7-4668-BE54-9A1E7A4F7556}") = "Questao4.ConsoleApp", "Questao4.ConsoleApp\Questao4.ConsoleApp.csproj", "{2E0E4D09-9E09-4E52-AF67-CB46D20F0033}"
EndProject
Project("{9A19103F-16F7-4668-BE54-9A1E7A4F7556}") = "Questao14.ConsoleApp", "Questao14.ConsoleApp\Questao14.ConsoleApp.csproj", "{60D6DBEB-276C-4095-AA04-656D8E50A433}"
EndProject
Project("{9A19103F-16F7-4668-BE54-9A1E7A4F7556}") = "Questao11.ConsoleApp", "Questao11.ConsoleApp\Questao11.ConsoleApp.csproj", "{F4CCC431-20EF-436C-8341-01CCB1734A93}"
EndProject
Project("{9A19103F-16F7-4668-BE54-9A1E7A4F7556}") = "Questao15.ConsoleApp", "Questao15.ConsoleApp\Questao15.ConsoleApp.csproj", "{8316A0A3-FF2E-479F-963D-C37C2011C7E2}"
EndProject
Project("{2150E333-8FDC-42A3-9474-1A3956D46DE8}") = "Questoes 10 -19", "Questoes 10 -19", "{726EF3E2-06AE-4C09-AA25-D47D0CE60C1F}"
EndProject
Project("{9A19103F-16F7-4668-BE54-9A1E7A4F7556}") = "Questao13.ConsoleApp", "Questao13.ConsoleApp\Questao13.ConsoleApp.csproj", "{A167FE72-7D89-4FEA-AE6C-3F2CD5A800B8}"
EndProject
Project("{9A19103F-16F7-4668-BE54-9A1E7A4F7556}") = "Questao16.ConsoleApp", "Questao16.ConsoleApp\Questao16.ConsoleApp.csproj", "{00D66AE4-3AC3-45FB-8AF2-BE24DF88F4AB}"
EndProject
Project("{9A19103F-16F7-4668-BE54-9A1E7A4F7556}") = "Questao17.ConsoleApp", "Questao17.ConsoleApp\Questao17.ConsoleApp.csproj", "{A7B6BCC1-9B9A-4D4A-98F7-4CA163CA0190}"
EndProject
Project("{9A19103F-16F7-4668-BE54-9A1E7A4F7556}") = "Questao18.ConsoleApp", "Questao18.ConsoleApp\Questao18.ConsoleApp.csproj", "{82576A6B-F1BC-4FE1-99C4-2F5A1315BC46}"
EndProject
Project("{9A19103F-16F7-4668-BE54-9A1E7A4F7556}") = "Questao8.ConsoleApp", "Questao8.ConsoleApp\Questao8.ConsoleApp.csproj", "{77096412-4F3F-4A28-9085-CE9270AC7C87}"
EndProject
Project("{2150E333-8FDC-42A3-9474-1A3956D46DE8}") = "Questoes 20-29", "Questoes 20-29", "{19A4ACBD-4757-4BF9-9E8C-04D8F77A54F3}"
EndProject
Project("{9A19103F-16F7-4668-BE54-9A1E7A4F7556}") = "Questao20.ConsoleApp", "Questaso20.ConsoleApp\Questao20.ConsoleApp.csproj", "{141A9FC6-080D-49F0-817B-4EFB8E89BC40}"
EndProject
Project("{9A19103F-16F7-4668-BE54-9A1E7A4F7556}") = "Questao19.ConsoleApp", "Questao19.ConsoleApp\Questao19.ConsoleApp.csproj", "{B9558DCA-C6A2-486D-ABED-92D505390D7F}"
EndProject
Project("{9A19103F-16F7-4668-BE54-9A1E7A4F7556}") = "Questao21.ConsoleApp", "Questao21.ConsoleApp\Questao21.ConsoleApp.csproj", "{9237E2C2-A4C0-4DF0-BDA2-3B4796F76EDD}"
EndProject
Project("{FAE04EC0-301F-11D3-BF4B-00C04F79EFBC}") = "Questao22.ConsoleApp", "Questao22.ConsoleApp\Questao22.ConsoleApp.csproj", "{FA81D272-85A1-44F1-B54E-1F854EB9F616}"
EndProject
Project("{FAE04EC0-301F-11D3-BF4B-00C04F79EFBC}") = "Questao23.ConsoleApp", "Questao23.ConsoleApp\Questao23.ConsoleApp.csproj", "{62556B87-A0D6-48E7-978E-180DB0092105}"
EndProject
Project("{FAE04EC0-301F-11D3-BF4B-00C04F79EFBC}") = "Questao24.ConsoleApp", "Questao24.ConsoleApp\Questao24.ConsoleApp.csproj", "{032375A5-EA71-460C-BBC4-339ED323287B}"
EndProject
Project("{FAE04EC0-301F-11D3-BF4B-00C04F79EFBC}") = "Questao25.ConsoleApp", "Questao25.ConsoleApp\Questao25.ConsoleApp.csproj", "{12FA2708-9D4E-41DB-9268-0DAB678AFDE8}"
EndProject
Project("{FAE04EC0-301F-11D3-BF4B-00C04F79EFBC}") = "Questao26.ConsoleApp", "Questao26.ConsoleApp\Questao26.ConsoleApp.csproj", "{C6641412-F044-4B3A-BA7B-D603CF9E78EA}"
EndProject
Project("{FAE04EC0-301F-11D3-BF4B-00C04F79EFBC}") = "Questao27.ConsoleApp", "Questao27.ConsoleApp\Questao27.ConsoleApp.csproj", "{C6749EE3-C3C5-4BFD-9FC1-F08D5865C9EE}"
EndProject
Project("{FAE04EC0-301F-11D3-BF4B-00C04F79EFBC}") = "Questao28.ConsoleApp", "Questao28.ConsoleApp\Questao28.ConsoleApp.csproj", "{47E2E134-5825-41B8-9DFC-852D71F1843A}"
EndProject
Project("{FAE04EC0-301F-11D3-BF4B-00C04F79EFBC}") = "Questao29.ConsoleApp", "Questao29.ConsoleApp\Questao29.ConsoleApp.csproj", "{C5EDEE96-E65A-4919-ACB6-6734B5BEF9C8}"
EndProject
Global
	GlobalSection(SolutionConfigurationPlatforms) = preSolution
		Debug|Any CPU = Debug|Any CPU
		Release|Any CPU = Release|Any CPU
	EndGlobalSection
	GlobalSection(ProjectConfigurationPlatforms) = postSolution
		{19A645B3-8973-42AE-84BD-947757ABB6FF}.Debug|Any CPU.ActiveCfg = Debug|Any CPU
		{19A645B3-8973-42AE-84BD-947757ABB6FF}.Debug|Any CPU.Build.0 = Debug|Any CPU
		{19A645B3-8973-42AE-84BD-947757ABB6FF}.Release|Any CPU.ActiveCfg = Release|Any CPU
		{19A645B3-8973-42AE-84BD-947757ABB6FF}.Release|Any CPU.Build.0 = Release|Any CPU
		{E08A6774-8846-4CCD-B0B3-E2D8114E02E2}.Debug|Any CPU.ActiveCfg = Debug|Any CPU
		{E08A6774-8846-4CCD-B0B3-E2D8114E02E2}.Debug|Any CPU.Build.0 = Debug|Any CPU
		{E08A6774-8846-4CCD-B0B3-E2D8114E02E2}.Release|Any CPU.ActiveCfg = Release|Any CPU
		{E08A6774-8846-4CCD-B0B3-E2D8114E02E2}.Release|Any CPU.Build.0 = Release|Any CPU
		{94D2D49D-1AE4-481A-883A-62F72BE1F30A}.Debug|Any CPU.ActiveCfg = Debug|Any CPU
		{94D2D49D-1AE4-481A-883A-62F72BE1F30A}.Debug|Any CPU.Build.0 = Debug|Any CPU
		{94D2D49D-1AE4-481A-883A-62F72BE1F30A}.Release|Any CPU.ActiveCfg = Release|Any CPU
		{94D2D49D-1AE4-481A-883A-62F72BE1F30A}.Release|Any CPU.Build.0 = Release|Any CPU
		{A5F563CA-92F8-4118-98C3-937FCBF6142A}.Debug|Any CPU.ActiveCfg = Debug|Any CPU
		{A5F563CA-92F8-4118-98C3-937FCBF6142A}.Debug|Any CPU.Build.0 = Debug|Any CPU
		{A5F563CA-92F8-4118-98C3-937FCBF6142A}.Release|Any CPU.ActiveCfg = Release|Any CPU
		{A5F563CA-92F8-4118-98C3-937FCBF6142A}.Release|Any CPU.Build.0 = Release|Any CPU
		{F3FD5C37-DBAB-4B32-AAC3-FF4BE17F04BF}.Debug|Any CPU.ActiveCfg = Debug|Any CPU
		{F3FD5C37-DBAB-4B32-AAC3-FF4BE17F04BF}.Debug|Any CPU.Build.0 = Debug|Any CPU
		{F3FD5C37-DBAB-4B32-AAC3-FF4BE17F04BF}.Release|Any CPU.ActiveCfg = Release|Any CPU
		{F3FD5C37-DBAB-4B32-AAC3-FF4BE17F04BF}.Release|Any CPU.Build.0 = Release|Any CPU
		{E9F36895-38A1-4274-99D9-FC2692B9D58D}.Debug|Any CPU.ActiveCfg = Debug|Any CPU
		{E9F36895-38A1-4274-99D9-FC2692B9D58D}.Debug|Any CPU.Build.0 = Debug|Any CPU
		{E9F36895-38A1-4274-99D9-FC2692B9D58D}.Release|Any CPU.ActiveCfg = Release|Any CPU
		{E9F36895-38A1-4274-99D9-FC2692B9D58D}.Release|Any CPU.Build.0 = Release|Any CPU
		{EEA23561-7D50-4049-A1C4-2727FF1BF6E5}.Debug|Any CPU.ActiveCfg = Debug|Any CPU
		{EEA23561-7D50-4049-A1C4-2727FF1BF6E5}.Debug|Any CPU.Build.0 = Debug|Any CPU
		{EEA23561-7D50-4049-A1C4-2727FF1BF6E5}.Release|Any CPU.ActiveCfg = Release|Any CPU
		{EEA23561-7D50-4049-A1C4-2727FF1BF6E5}.Release|Any CPU.Build.0 = Release|Any CPU
		{CBCD2148-26E6-4129-A280-7C59DA2A644A}.Debug|Any CPU.ActiveCfg = Debug|Any CPU
		{CBCD2148-26E6-4129-A280-7C59DA2A644A}.Debug|Any CPU.Build.0 = Debug|Any CPU
		{CBCD2148-26E6-4129-A280-7C59DA2A644A}.Release|Any CPU.ActiveCfg = Release|Any CPU
		{CBCD2148-26E6-4129-A280-7C59DA2A644A}.Release|Any CPU.Build.0 = Release|Any CPU
		{6BCFF9B8-7937-4C4A-8143-3CDA583176ED}.Debug|Any CPU.ActiveCfg = Debug|Any CPU
		{6BCFF9B8-7937-4C4A-8143-3CDA583176ED}.Debug|Any CPU.Build.0 = Debug|Any CPU
		{6BCFF9B8-7937-4C4A-8143-3CDA583176ED}.Release|Any CPU.ActiveCfg = Release|Any CPU
		{6BCFF9B8-7937-4C4A-8143-3CDA583176ED}.Release|Any CPU.Build.0 = Release|Any CPU
		{2E0E4D09-9E09-4E52-AF67-CB46D20F0033}.Debug|Any CPU.ActiveCfg = Debug|Any CPU
		{2E0E4D09-9E09-4E52-AF67-CB46D20F0033}.Debug|Any CPU.Build.0 = Debug|Any CPU
		{2E0E4D09-9E09-4E52-AF67-CB46D20F0033}.Release|Any CPU.ActiveCfg = Release|Any CPU
		{2E0E4D09-9E09-4E52-AF67-CB46D20F0033}.Release|Any CPU.Build.0 = Release|Any CPU
		{60D6DBEB-276C-4095-AA04-656D8E50A433}.Debug|Any CPU.ActiveCfg = Debug|Any CPU
		{60D6DBEB-276C-4095-AA04-656D8E50A433}.Debug|Any CPU.Build.0 = Debug|Any CPU
		{60D6DBEB-276C-4095-AA04-656D8E50A433}.Release|Any CPU.ActiveCfg = Release|Any CPU
		{60D6DBEB-276C-4095-AA04-656D8E50A433}.Release|Any CPU.Build.0 = Release|Any CPU
		{F4CCC431-20EF-436C-8341-01CCB1734A93}.Debug|Any CPU.ActiveCfg = Debug|Any CPU
		{F4CCC431-20EF-436C-8341-01CCB1734A93}.Debug|Any CPU.Build.0 = Debug|Any CPU
		{F4CCC431-20EF-436C-8341-01CCB1734A93}.Release|Any CPU.ActiveCfg = Release|Any CPU
		{F4CCC431-20EF-436C-8341-01CCB1734A93}.Release|Any CPU.Build.0 = Release|Any CPU
		{8316A0A3-FF2E-479F-963D-C37C2011C7E2}.Debug|Any CPU.ActiveCfg = Debug|Any CPU
		{8316A0A3-FF2E-479F-963D-C37C2011C7E2}.Debug|Any CPU.Build.0 = Debug|Any CPU
		{8316A0A3-FF2E-479F-963D-C37C2011C7E2}.Release|Any CPU.ActiveCfg = Release|Any CPU
		{8316A0A3-FF2E-479F-963D-C37C2011C7E2}.Release|Any CPU.Build.0 = Release|Any CPU
		{A167FE72-7D89-4FEA-AE6C-3F2CD5A800B8}.Debug|Any CPU.ActiveCfg = Debug|Any CPU
		{A167FE72-7D89-4FEA-AE6C-3F2CD5A800B8}.Debug|Any CPU.Build.0 = Debug|Any CPU
		{A167FE72-7D89-4FEA-AE6C-3F2CD5A800B8}.Release|Any CPU.ActiveCfg = Release|Any CPU
		{A167FE72-7D89-4FEA-AE6C-3F2CD5A800B8}.Release|Any CPU.Build.0 = Release|Any CPU
		{00D66AE4-3AC3-45FB-8AF2-BE24DF88F4AB}.Debug|Any CPU.ActiveCfg = Debug|Any CPU
		{00D66AE4-3AC3-45FB-8AF2-BE24DF88F4AB}.Debug|Any CPU.Build.0 = Debug|Any CPU
		{00D66AE4-3AC3-45FB-8AF2-BE24DF88F4AB}.Release|Any CPU.ActiveCfg = Release|Any CPU
		{00D66AE4-3AC3-45FB-8AF2-BE24DF88F4AB}.Release|Any CPU.Build.0 = Release|Any CPU
		{A7B6BCC1-9B9A-4D4A-98F7-4CA163CA0190}.Debug|Any CPU.ActiveCfg = Debug|Any CPU
		{A7B6BCC1-9B9A-4D4A-98F7-4CA163CA0190}.Debug|Any CPU.Build.0 = Debug|Any CPU
		{A7B6BCC1-9B9A-4D4A-98F7-4CA163CA0190}.Release|Any CPU.ActiveCfg = Release|Any CPU
		{A7B6BCC1-9B9A-4D4A-98F7-4CA163CA0190}.Release|Any CPU.Build.0 = Release|Any CPU
		{82576A6B-F1BC-4FE1-99C4-2F5A1315BC46}.Debug|Any CPU.ActiveCfg = Debug|Any CPU
		{82576A6B-F1BC-4FE1-99C4-2F5A1315BC46}.Debug|Any CPU.Build.0 = Debug|Any CPU
		{82576A6B-F1BC-4FE1-99C4-2F5A1315BC46}.Release|Any CPU.ActiveCfg = Release|Any CPU
		{82576A6B-F1BC-4FE1-99C4-2F5A1315BC46}.Release|Any CPU.Build.0 = Release|Any CPU
		{77096412-4F3F-4A28-9085-CE9270AC7C87}.Debug|Any CPU.ActiveCfg = Debug|Any CPU
		{77096412-4F3F-4A28-9085-CE9270AC7C87}.Debug|Any CPU.Build.0 = Debug|Any CPU
		{77096412-4F3F-4A28-9085-CE9270AC7C87}.Release|Any CPU.ActiveCfg = Release|Any CPU
		{77096412-4F3F-4A28-9085-CE9270AC7C87}.Release|Any CPU.Build.0 = Release|Any CPU
		{141A9FC6-080D-49F0-817B-4EFB8E89BC40}.Debug|Any CPU.ActiveCfg = Debug|Any CPU
		{141A9FC6-080D-49F0-817B-4EFB8E89BC40}.Debug|Any CPU.Build.0 = Debug|Any CPU
		{141A9FC6-080D-49F0-817B-4EFB8E89BC40}.Release|Any CPU.ActiveCfg = Release|Any CPU
		{141A9FC6-080D-49F0-817B-4EFB8E89BC40}.Release|Any CPU.Build.0 = Release|Any CPU
		{B9558DCA-C6A2-486D-ABED-92D505390D7F}.Debug|Any CPU.ActiveCfg = Debug|Any CPU
		{B9558DCA-C6A2-486D-ABED-92D505390D7F}.Debug|Any CPU.Build.0 = Debug|Any CPU
		{B9558DCA-C6A2-486D-ABED-92D505390D7F}.Release|Any CPU.ActiveCfg = Release|Any CPU
		{B9558DCA-C6A2-486D-ABED-92D505390D7F}.Release|Any CPU.Build.0 = Release|Any CPU
		{9237E2C2-A4C0-4DF0-BDA2-3B4796F76EDD}.Debug|Any CPU.ActiveCfg = Debug|Any CPU
		{9237E2C2-A4C0-4DF0-BDA2-3B4796F76EDD}.Debug|Any CPU.Build.0 = Debug|Any CPU
		{9237E2C2-A4C0-4DF0-BDA2-3B4796F76EDD}.Release|Any CPU.ActiveCfg = Release|Any CPU
		{9237E2C2-A4C0-4DF0-BDA2-3B4796F76EDD}.Release|Any CPU.Build.0 = Release|Any CPU
		{FA81D272-85A1-44F1-B54E-1F854EB9F616}.Debug|Any CPU.ActiveCfg = Debug|Any CPU
		{FA81D272-85A1-44F1-B54E-1F854EB9F616}.Debug|Any CPU.Build.0 = Debug|Any CPU
		{FA81D272-85A1-44F1-B54E-1F854EB9F616}.Release|Any CPU.ActiveCfg = Release|Any CPU
		{FA81D272-85A1-44F1-B54E-1F854EB9F616}.Release|Any CPU.Build.0 = Release|Any CPU
		{62556B87-A0D6-48E7-978E-180DB0092105}.Debug|Any CPU.ActiveCfg = Debug|Any CPU
		{62556B87-A0D6-48E7-978E-180DB0092105}.Debug|Any CPU.Build.0 = Debug|Any CPU
		{62556B87-A0D6-48E7-978E-180DB0092105}.Release|Any CPU.ActiveCfg = Release|Any CPU
		{62556B87-A0D6-48E7-978E-180DB0092105}.Release|Any CPU.Build.0 = Release|Any CPU
		{032375A5-EA71-460C-BBC4-339ED323287B}.Debug|Any CPU.ActiveCfg = Debug|Any CPU
		{032375A5-EA71-460C-BBC4-339ED323287B}.Debug|Any CPU.Build.0 = Debug|Any CPU
		{032375A5-EA71-460C-BBC4-339ED323287B}.Release|Any CPU.ActiveCfg = Release|Any CPU
		{032375A5-EA71-460C-BBC4-339ED323287B}.Release|Any CPU.Build.0 = Release|Any CPU
		{12FA2708-9D4E-41DB-9268-0DAB678AFDE8}.Debug|Any CPU.ActiveCfg = Debug|Any CPU
		{12FA2708-9D4E-41DB-9268-0DAB678AFDE8}.Debug|Any CPU.Build.0 = Debug|Any CPU
		{12FA2708-9D4E-41DB-9268-0DAB678AFDE8}.Release|Any CPU.ActiveCfg = Release|Any CPU
		{12FA2708-9D4E-41DB-9268-0DAB678AFDE8}.Release|Any CPU.Build.0 = Release|Any CPU
		{C6641412-F044-4B3A-BA7B-D603CF9E78EA}.Debug|Any CPU.ActiveCfg = Debug|Any CPU
		{C6641412-F044-4B3A-BA7B-D603CF9E78EA}.Debug|Any CPU.Build.0 = Debug|Any CPU
		{C6641412-F044-4B3A-BA7B-D603CF9E78EA}.Release|Any CPU.ActiveCfg = Release|Any CPU
		{C6641412-F044-4B3A-BA7B-D603CF9E78EA}.Release|Any CPU.Build.0 = Release|Any CPU
		{C6749EE3-C3C5-4BFD-9FC1-F08D5865C9EE}.Debug|Any CPU.ActiveCfg = Debug|Any CPU
		{C6749EE3-C3C5-4BFD-9FC1-F08D5865C9EE}.Debug|Any CPU.Build.0 = Debug|Any CPU
		{C6749EE3-C3C5-4BFD-9FC1-F08D5865C9EE}.Release|Any CPU.ActiveCfg = Release|Any CPU
		{C6749EE3-C3C5-4BFD-9FC1-F08D5865C9EE}.Release|Any CPU.Build.0 = Release|Any CPU
		{47E2E134-5825-41B8-9DFC-852D71F1843A}.Debug|Any CPU.ActiveCfg = Debug|Any CPU
		{47E2E134-5825-41B8-9DFC-852D71F1843A}.Debug|Any CPU.Build.0 = Debug|Any CPU
		{47E2E134-5825-41B8-9DFC-852D71F1843A}.Release|Any CPU.ActiveCfg = Release|Any CPU
		{47E2E134-5825-41B8-9DFC-852D71F1843A}.Release|Any CPU.Build.0 = Release|Any CPU
		{C5EDEE96-E65A-4919-ACB6-6734B5BEF9C8}.Debug|Any CPU.ActiveCfg = Debug|Any CPU
		{C5EDEE96-E65A-4919-ACB6-6734B5BEF9C8}.Debug|Any CPU.Build.0 = Debug|Any CPU
		{C5EDEE96-E65A-4919-ACB6-6734B5BEF9C8}.Release|Any CPU.ActiveCfg = Release|Any CPU
		{C5EDEE96-E65A-4919-ACB6-6734B5BEF9C8}.Release|Any CPU.Build.0 = Release|Any CPU
	EndGlobalSection
	GlobalSection(SolutionProperties) = preSolution
		HideSolutionNode = FALSE
	EndGlobalSection
	GlobalSection(NestedProjects) = preSolution
		{19A645B3-8973-42AE-84BD-947757ABB6FF} = {F2B600AA-C499-43A3-A9EB-DDC63E928A86}
		{E08A6774-8846-4CCD-B0B3-E2D8114E02E2} = {F2B600AA-C499-43A3-A9EB-DDC63E928A86}
		{94D2D49D-1AE4-481A-883A-62F72BE1F30A} = {F2B600AA-C499-43A3-A9EB-DDC63E928A86}
		{A5F563CA-92F8-4118-98C3-937FCBF6142A} = {F2B600AA-C499-43A3-A9EB-DDC63E928A86}
		{F3FD5C37-DBAB-4B32-AAC3-FF4BE17F04BF} = {F2B600AA-C499-43A3-A9EB-DDC63E928A86}
		{E9F36895-38A1-4274-99D9-FC2692B9D58D} = {F2B600AA-C499-43A3-A9EB-DDC63E928A86}
		{EEA23561-7D50-4049-A1C4-2727FF1BF6E5} = {F2B600AA-C499-43A3-A9EB-DDC63E928A86}
		{CBCD2148-26E6-4129-A280-7C59DA2A644A} = {726EF3E2-06AE-4C09-AA25-D47D0CE60C1F}
		{6BCFF9B8-7937-4C4A-8143-3CDA583176ED} = {726EF3E2-06AE-4C09-AA25-D47D0CE60C1F}
		{2E0E4D09-9E09-4E52-AF67-CB46D20F0033} = {F2B600AA-C499-43A3-A9EB-DDC63E928A86}
		{60D6DBEB-276C-4095-AA04-656D8E50A433} = {726EF3E2-06AE-4C09-AA25-D47D0CE60C1F}
		{F4CCC431-20EF-436C-8341-01CCB1734A93} = {726EF3E2-06AE-4C09-AA25-D47D0CE60C1F}
		{8316A0A3-FF2E-479F-963D-C37C2011C7E2} = {726EF3E2-06AE-4C09-AA25-D47D0CE60C1F}
		{A167FE72-7D89-4FEA-AE6C-3F2CD5A800B8} = {726EF3E2-06AE-4C09-AA25-D47D0CE60C1F}
		{00D66AE4-3AC3-45FB-8AF2-BE24DF88F4AB} = {726EF3E2-06AE-4C09-AA25-D47D0CE60C1F}
		{A7B6BCC1-9B9A-4D4A-98F7-4CA163CA0190} = {726EF3E2-06AE-4C09-AA25-D47D0CE60C1F}
		{82576A6B-F1BC-4FE1-99C4-2F5A1315BC46} = {726EF3E2-06AE-4C09-AA25-D47D0CE60C1F}
		{77096412-4F3F-4A28-9085-CE9270AC7C87} = {F2B600AA-C499-43A3-A9EB-DDC63E928A86}
		{141A9FC6-080D-49F0-817B-4EFB8E89BC40} = {19A4ACBD-4757-4BF9-9E8C-04D8F77A54F3}
		{B9558DCA-C6A2-486D-ABED-92D505390D7F} = {726EF3E2-06AE-4C09-AA25-D47D0CE60C1F}
		{9237E2C2-A4C0-4DF0-BDA2-3B4796F76EDD} = {19A4ACBD-4757-4BF9-9E8C-04D8F77A54F3}
		{FA81D272-85A1-44F1-B54E-1F854EB9F616} = {19A4ACBD-4757-4BF9-9E8C-04D8F77A54F3}
		{62556B87-A0D6-48E7-978E-180DB0092105} = {19A4ACBD-4757-4BF9-9E8C-04D8F77A54F3}
		{032375A5-EA71-460C-BBC4-339ED323287B} = {19A4ACBD-4757-4BF9-9E8C-04D8F77A54F3}
		{12FA2708-9D4E-41DB-9268-0DAB678AFDE8} = {19A4ACBD-4757-4BF9-9E8C-04D8F77A54F3}
		{C6641412-F044-4B3A-BA7B-D603CF9E78EA} = {19A4ACBD-4757-4BF9-9E8C-04D8F77A54F3}
		{C6749EE3-C3C5-4BFD-9FC1-F08D5865C9EE} = {19A4ACBD-4757-4BF9-9E8C-04D8F77A54F3}
		{47E2E134-5825-41B8-9DFC-852D71F1843A} = {19A4ACBD-4757-4BF9-9E8C-04D8F77A54F3}
		{C5EDEE96-E65A-4919-ACB6-6734B5BEF9C8} = {19A4ACBD-4757-4BF9-9E8C-04D8F77A54F3}
	EndGlobalSection
	GlobalSection(ExtensibilityGlobals) = postSolution
		SolutionGuid = {3CBA6BBB-EB80-4E77-A509-106C9C34A3A6}
	EndGlobalSection
EndGlobal
